
Microsoft Visual Studio Solution File, Format Version 12.00
# Visual Studio 14
VisualStudioVersion = 14.0.25123.0
MinimumVisualStudioVersion = 10.0.40219.1
Project("{FAE04EC0-301F-11D3-BF4B-00C04F79EFBC}") = "Qiniu.Net40.Travis", "src\Qiniu\Qiniu.Net40.Travis.csproj", "{2F5B0328-DE8B-4B53-A500-3077E340A51B}"
EndProject
Project("{FAE04EC0-301F-11D3-BF4B-00C04F79EFBC}") = "Qiniu.UnitTest.Travis", "src\Qiniu.UnitTest\Qiniu.UnitTest.Travis.csproj", "{353CEFE0-58AF-4049-998B-336CE1212F1E}"
EndProject
Project("{FAE04EC0-301F-11D3-BF4B-00C04F79EFBC}") = "Qiniu.Net40.TravisTests", "src\Qiniu.Net40.TravisTests\Qiniu.Net40.TravisTests.csproj", "{E3EC18BD-450B-4494-A8A3-69E208A3B23F}"
EndProject
Global
	GlobalSection(SolutionConfigurationPlatforms) = preSolution
		Debug|Any CPU = Debug|Any CPU
		Release|Any CPU = Release|Any CPU
	EndGlobalSection
	GlobalSection(ProjectConfigurationPlatforms) = postSolution
		{2F5B0328-DE8B-4B53-A500-3077E340A51B}.Debug|Any CPU.ActiveCfg = Debug|Any CPU
		{2F5B0328-DE8B-4B53-A500-3077E340A51B}.Debug|Any CPU.Build.0 = Debug|Any CPU
		{2F5B0328-DE8B-4B53-A500-3077E340A51B}.Release|Any CPU.ActiveCfg = Release|Any CPU
		{2F5B0328-DE8B-4B53-A500-3077E340A51B}.Release|Any CPU.Build.0 = Release|Any CPU
		{353CEFE0-58AF-4049-998B-336CE1212F1E}.Debug|Any CPU.ActiveCfg = Debug|Any CPU
		{353CEFE0-58AF-4049-998B-336CE1212F1E}.Debug|Any CPU.Build.0 = Debug|Any CPU
		{353CEFE0-58AF-4049-998B-336CE1212F1E}.Release|Any CPU.ActiveCfg = Release|Any CPU
		{353CEFE0-58AF-4049-998B-336CE1212F1E}.Release|Any CPU.Build.0 = Release|Any CPU
		{E3EC18BD-450B-4494-A8A3-69E208A3B23F}.Debug|Any CPU.ActiveCfg = Debug|Any CPU
		{E3EC18BD-450B-4494-A8A3-69E208A3B23F}.Debug|Any CPU.Build.0 = Debug|Any CPU
		{E3EC18BD-450B-4494-A8A3-69E208A3B23F}.Release|Any CPU.ActiveCfg = Release|Any CPU
		{E3EC18BD-450B-4494-A8A3-69E208A3B23F}.Release|Any CPU.Build.0 = Release|Any CPU
	EndGlobalSection
	GlobalSection(SolutionProperties) = preSolution
		HideSolutionNode = FALSE
	EndGlobalSection
EndGlobal
