
Microsoft Visual Studio Solution File, Format Version 12.00
# Visual Studio 14
VisualStudioVersion = 14.0.25420.1
MinimumVisualStudioVersion = 10.0.40219.1
Project("{FAE04EC0-301F-11D3-BF4B-00C04F79EFBC}") = "Qiniu.Net20", "Qiniu\Qiniu.Net20.csproj", "{E5A764FD-FC95-4B51-BB10-9A807ED25652}"
EndProject
Project("{FAE04EC0-301F-11D3-BF4B-00C04F79EFBC}") = "Qiniu.Net35", "Qiniu\Qiniu.Net35.csproj", "{C1B1BFD5-3106-4052-8C51-75E548BE282D}"
EndProject
Project("{FAE04EC0-301F-11D3-BF4B-00C04F79EFBC}") = "Qiniu.Net40", "Qiniu\Qiniu.Net40.csproj", "{2F5B0328-DE8B-4B53-A500-3077E340A51B}"
EndProject
Project("{FAE04EC0-301F-11D3-BF4B-00C04F79EFBC}") = "Qiniu.Net45", "Qiniu\Qiniu.Net45.csproj", "{45A014F6-CCD4-42CE-819C-5F68EA92C8AE}"
EndProject
Project("{FAE04EC0-301F-11D3-BF4B-00C04F79EFBC}") = "Qiniu.Net46", "Qiniu\Qiniu.Net46.csproj", "{FEB25665-1B1D-4646-A550-3994E7F8B073}"
EndProject
Project("{FAE04EC0-301F-11D3-BF4B-00C04F79EFBC}") = "Qiniu.NetStandard16", "Qiniu\Qiniu.NetStandard16.xproj", "{B5D63029-041A-4973-994C-6FB6BEF9951E}"
EndProject
Global
	GlobalSection(SolutionConfigurationPlatforms) = preSolution
		Debug|Any CPU = Debug|Any CPU
		Release|Any CPU = Release|Any CPU
	EndGlobalSection
	GlobalSection(ProjectConfigurationPlatforms) = postSolution
		{E5A764FD-FC95-4B51-BB10-9A807ED25652}.Debug|Any CPU.ActiveCfg = Debug|Any CPU
		{E5A764FD-FC95-4B51-BB10-9A807ED25652}.Debug|Any CPU.Build.0 = Debug|Any CPU
		{E5A764FD-FC95-4B51-BB10-9A807ED25652}.Release|Any CPU.ActiveCfg = Release|Any CPU
		{E5A764FD-FC95-4B51-BB10-9A807ED25652}.Release|Any CPU.Build.0 = Release|Any CPU
		{C1B1BFD5-3106-4052-8C51-75E548BE282D}.Debug|Any CPU.ActiveCfg = Debug|Any CPU
		{C1B1BFD5-3106-4052-8C51-75E548BE282D}.Debug|Any CPU.Build.0 = Debug|Any CPU
		{C1B1BFD5-3106-4052-8C51-75E548BE282D}.Release|Any CPU.ActiveCfg = Release|Any CPU
		{C1B1BFD5-3106-4052-8C51-75E548BE282D}.Release|Any CPU.Build.0 = Release|Any CPU
		{2F5B0328-DE8B-4B53-A500-3077E340A51B}.Debug|Any CPU.ActiveCfg = Debug|Any CPU
		{2F5B0328-DE8B-4B53-A500-3077E340A51B}.Debug|Any CPU.Build.0 = Debug|Any CPU
		{2F5B0328-DE8B-4B53-A500-3077E340A51B}.Release|Any CPU.ActiveCfg = Release|Any CPU
		{2F5B0328-DE8B-4B53-A500-3077E340A51B}.Release|Any CPU.Build.0 = Release|Any CPU
		{45A014F6-CCD4-42CE-819C-5F68EA92C8AE}.Debug|Any CPU.ActiveCfg = Debug|Any CPU
		{45A014F6-CCD4-42CE-819C-5F68EA92C8AE}.Debug|Any CPU.Build.0 = Debug|Any CPU
		{45A014F6-CCD4-42CE-819C-5F68EA92C8AE}.Release|Any CPU.ActiveCfg = Release|Any CPU
		{45A014F6-CCD4-42CE-819C-5F68EA92C8AE}.Release|Any CPU.Build.0 = Release|Any CPU
		{FEB25665-1B1D-4646-A550-3994E7F8B073}.Debug|Any CPU.ActiveCfg = Debug|Any CPU
		{FEB25665-1B1D-4646-A550-3994E7F8B073}.Debug|Any CPU.Build.0 = Debug|Any CPU
		{FEB25665-1B1D-4646-A550-3994E7F8B073}.Release|Any CPU.ActiveCfg = Release|Any CPU
		{FEB25665-1B1D-4646-A550-3994E7F8B073}.Release|Any CPU.Build.0 = Release|Any CPU
		{B5D63029-041A-4973-994C-6FB6BEF9951E}.Debug|Any CPU.ActiveCfg = Debug|Any CPU
		{B5D63029-041A-4973-994C-6FB6BEF9951E}.Debug|Any CPU.Build.0 = Debug|Any CPU
		{B5D63029-041A-4973-994C-6FB6BEF9951E}.Release|Any CPU.ActiveCfg = Debug|Any CPU
		{B5D63029-041A-4973-994C-6FB6BEF9951E}.Release|Any CPU.Build.0 = Debug|Any CPU
	EndGlobalSection
	GlobalSection(SolutionProperties) = preSolution
		HideSolutionNode = FALSE
	EndGlobalSection
EndGlobal
