
Microsoft Visual Studio Solution File, Format Version 12.00
# Visual Studio 15
VisualStudioVersion = 15.0.27004.2002
MinimumVisualStudioVersion = 10.0.40219.1
Project("{FAE04EC0-301F-11D3-BF4B-00C04F79EFBC}") = "Qiniu", "Qiniu\Qiniu.csproj", "{970F40F5-CDE0-471B-9B0E-F6B0E5E11605}"
EndProject
Project("{FAE04EC0-301F-11D3-BF4B-00C04F79EFBC}") = "Qiniu.Tests", "Qiniu.Tests\Qiniu.Tests.csproj", "{459C0626-00A4-42A3-AEFB-528477FCE8D4}"
EndProject
Global
	GlobalSection(SolutionConfigurationPlatforms) = preSolution
		Debug|Any CPU = Debug|Any CPU
		Release|Any CPU = Release|Any CPU
	EndGlobalSection
	GlobalSection(ProjectConfigurationPlatforms) = postSolution
		{970F40F5-CDE0-471B-9B0E-F6B0E5E11605}.Debug|Any CPU.ActiveCfg = Debug|Any CPU
		{970F40F5-CDE0-471B-9B0E-F6B0E5E11605}.Debug|Any CPU.Build.0 = Debug|Any CPU
		{970F40F5-CDE0-471B-9B0E-F6B0E5E11605}.Release|Any CPU.ActiveCfg = Release|Any CPU
		{970F40F5-CDE0-471B-9B0E-F6B0E5E11605}.Release|Any CPU.Build.0 = Release|Any CPU
		{459C0626-00A4-42A3-AEFB-528477FCE8D4}.Debug|Any CPU.ActiveCfg = Debug|Any CPU
		{459C0626-00A4-42A3-AEFB-528477FCE8D4}.Debug|Any CPU.Build.0 = Debug|Any CPU
		{459C0626-00A4-42A3-AEFB-528477FCE8D4}.Release|Any CPU.ActiveCfg = Release|Any CPU
		{459C0626-00A4-42A3-AEFB-528477FCE8D4}.Release|Any CPU.Build.0 = Release|Any CPU
	EndGlobalSection
	GlobalSection(SolutionProperties) = preSolution
		HideSolutionNode = FALSE
	EndGlobalSection
	GlobalSection(ExtensibilityGlobals) = postSolution
		SolutionGuid = {0358A72B-AB04-47A5-8AC2-BCDE2447D2A4}
	EndGlobalSection
EndGlobal
